
Microsoft Visual Studio Solution File, Format Version 12.00
# Visual Studio Version 17
VisualStudioVersion = 17.1.32421.90
MinimumVisualStudioVersion = 10.0.40219.1
Project("{9A19103F-16F7-4668-BE54-9A1E7A4F7556}") = "Railworker", "Railworker\Railworker.csproj", "{4AC2BFF8-3638-4D86-9906-30565EF86315}"
EndProject
Project("{9A19103F-16F7-4668-BE54-9A1E7A4F7556}") = "RWLib", "RWLib\RWLib.csproj", "{8B5EAD51-6E40-4871-BC66-B3A9C68F7C7F}"
EndProject
Project("{9A19103F-16F7-4668-BE54-9A1E7A4F7556}") = "UnitTests", "UnitTests\UnitTests.csproj", "{182CDADB-B58F-4959-B19F-D874C2AE007A}"
EndProject
Project("{FAE04EC0-301F-11D3-BF4B-00C04F79EFBC}") = "BrakePercentageCalculator", "BrakePercentageCalculator\BrakePercentageCalculator.csproj", "{5B05F6BB-BB64-4C7C-8008-3DD95FB52101}"
EndProject
Global
	GlobalSection(SolutionConfigurationPlatforms) = preSolution
		Debug|Any CPU = Debug|Any CPU
		Release|Any CPU = Release|Any CPU
	EndGlobalSection
	GlobalSection(ProjectConfigurationPlatforms) = postSolution
		{4AC2BFF8-3638-4D86-9906-30565EF86315}.Debug|Any CPU.ActiveCfg = Debug|Any CPU
		{4AC2BFF8-3638-4D86-9906-30565EF86315}.Debug|Any CPU.Build.0 = Debug|Any CPU
		{4AC2BFF8-3638-4D86-9906-30565EF86315}.Release|Any CPU.ActiveCfg = Release|Any CPU
		{4AC2BFF8-3638-4D86-9906-30565EF86315}.Release|Any CPU.Build.0 = Release|Any CPU
		{8B5EAD51-6E40-4871-BC66-B3A9C68F7C7F}.Debug|Any CPU.ActiveCfg = Debug|Any CPU
		{8B5EAD51-6E40-4871-BC66-B3A9C68F7C7F}.Debug|Any CPU.Build.0 = Debug|Any CPU
		{8B5EAD51-6E40-4871-BC66-B3A9C68F7C7F}.Release|Any CPU.ActiveCfg = Release|Any CPU
		{8B5EAD51-6E40-4871-BC66-B3A9C68F7C7F}.Release|Any CPU.Build.0 = Release|Any CPU
		{182CDADB-B58F-4959-B19F-D874C2AE007A}.Debug|Any CPU.ActiveCfg = Debug|Any CPU
		{182CDADB-B58F-4959-B19F-D874C2AE007A}.Debug|Any CPU.Build.0 = Debug|Any CPU
		{182CDADB-B58F-4959-B19F-D874C2AE007A}.Release|Any CPU.ActiveCfg = Release|Any CPU
		{182CDADB-B58F-4959-B19F-D874C2AE007A}.Release|Any CPU.Build.0 = Release|Any CPU
		{5B05F6BB-BB64-4C7C-8008-3DD95FB52101}.Debug|Any CPU.ActiveCfg = Debug|Any CPU
		{5B05F6BB-BB64-4C7C-8008-3DD95FB52101}.Debug|Any CPU.Build.0 = Debug|Any CPU
		{5B05F6BB-BB64-4C7C-8008-3DD95FB52101}.Release|Any CPU.ActiveCfg = Release|Any CPU
		{5B05F6BB-BB64-4C7C-8008-3DD95FB52101}.Release|Any CPU.Build.0 = Release|Any CPU
	EndGlobalSection
	GlobalSection(SolutionProperties) = preSolution
		HideSolutionNode = FALSE
	EndGlobalSection
	GlobalSection(ExtensibilityGlobals) = postSolution
		SolutionGuid = {C69653B1-3502-43B9-A931-532C2D8805D8}
	EndGlobalSection
EndGlobal
