
Microsoft Visual Studio Solution File, Format Version 12.00
# Visual Studio Version 17
VisualStudioVersion = 17.1.32421.90
MinimumVisualStudioVersion = 10.0.40219.1
Project("{9A19103F-16F7-4668-BE54-9A1E7A4F7556}") = "Railworker", "Railworker\Railworker.csproj", "{4AC2BFF8-3638-4D86-9906-30565EF86315}"
EndProject
Project("{9A19103F-16F7-4668-BE54-9A1E7A4F7556}") = "RWLib", "RWLib\RWLib.csproj", "{8B5EAD51-6E40-4871-BC66-B3A9C68F7C7F}"
EndProject
Project("{9A19103F-16F7-4668-BE54-9A1E7A4F7556}") = "UnitTests", "UnitTests\UnitTests.csproj", "{182CDADB-B58F-4959-B19F-D874C2AE007A}"
EndProject
Project("{9A19103F-16F7-4668-BE54-9A1E7A4F7556}") = "BrakePercentageCalculator", "BrakePercentageCalculator\BrakePercentageCalculator.csproj", "{5B05F6BB-BB64-4C7C-8008-3DD95FB52101}"
EndProject
Project("{FAE04EC0-301F-11D3-BF4B-00C04F79EFBC}") = "Railworker.Language", "Railworker.Language\Railworker.Language.csproj", "{964F6892-06D4-4477-A9D1-5171B276221B}"
EndProject
Project("{9A19103F-16F7-4668-BE54-9A1E7A4F7556}") = "ComprehensiveRailworksArchiveNetwork", "ComprehensiveRailworksArchiveNetwork\ComprehensiveRailworksArchiveNetwork.csproj", "{F9E6CB4F-02F6-4C6E-A129-FE43F2F10CEB}"
EndProject
Project("{9A19103F-16F7-4668-BE54-9A1E7A4F7556}") = "CRANCloudDriver", "CRANMongoDBDriver\CRANCloudDriver.csproj", "{0116E31E-2F16-4CE8-97E4-92EF57E18168}"
EndProject
Project("{9A19103F-16F7-4668-BE54-9A1E7A4F7556}") = "BuildSGGRSS_Expansion_Pack", "BuildSGGRSS_Expansion_Pack\BuildSGGRSS_Expansion_Pack.csproj", "{75F9CCC5-0D8D-4BCB-A828-701DEAF93C5B}"
EndProject
Project("{9A19103F-16F7-4668-BE54-9A1E7A4F7556}") = "BuildSdggmrss_45Ft", "BuildSdggmrss_45Ft\BuildSdggmrss_45Ft.csproj", "{B6CEE094-DEA0-4045-B1EA-A2C771A18A2F}"
EndProject
Project("{9A19103F-16F7-4668-BE54-9A1E7A4F7556}") = "BuildSffggmrrss", "BuildSffggmrrss\BuildSffggmrrss.csproj", "{F838FB89-5E55-4E0C-A61D-90CF025E9AC3}"
EndProject
Project("{9A19103F-16F7-4668-BE54-9A1E7A4F7556}") = "BuildVrSggmrss", "BuildVrSggmrss\BuildVrSggmrss.csproj", "{EE7B0E3C-DF1F-450E-879C-671DD0060B44}"
EndProject
Project("{9A19103F-16F7-4668-BE54-9A1E7A4F7556}") = "Build3DZug_Expansion_Pack", "Build3DZug_Expansion_Pack\Build3DZug_Expansion_Pack.csproj", "{ED78FD2F-CCDA-4499-97AB-EA982F80BCDB}"
EndProject
Project("{FAE04EC0-301F-11D3-BF4B-00C04F79EFBC}") = "RailworkerMegaFreightPack1", "RailworkerMegaFreightPack1\RailworkerMegaFreightPack1.csproj", "{90B6D5DB-2C5E-4975-B566-4AEE57837DE9}"
EndProject
Project("{FAE04EC0-301F-11D3-BF4B-00C04F79EFBC}") = "RailworkerMegaFreightPack1Runner", "MegaFreightPack1Runner\RailworkerMegaFreightPack1Runner.csproj", "{F0A94D02-2345-461A-B0EB-EE7B712D6C36}"
EndProject
Global
	GlobalSection(SolutionConfigurationPlatforms) = preSolution
		Debug|Any CPU = Debug|Any CPU
		Debug|x86 = Debug|x86
		Release|Any CPU = Release|Any CPU
		Release|x86 = Release|x86
	EndGlobalSection
	GlobalSection(ProjectConfigurationPlatforms) = postSolution
		{4AC2BFF8-3638-4D86-9906-30565EF86315}.Debug|Any CPU.ActiveCfg = Debug|Any CPU
		{4AC2BFF8-3638-4D86-9906-30565EF86315}.Debug|Any CPU.Build.0 = Debug|Any CPU
		{4AC2BFF8-3638-4D86-9906-30565EF86315}.Debug|x86.ActiveCfg = Debug|Any CPU
		{4AC2BFF8-3638-4D86-9906-30565EF86315}.Debug|x86.Build.0 = Debug|Any CPU
		{4AC2BFF8-3638-4D86-9906-30565EF86315}.Release|Any CPU.ActiveCfg = Release|Any CPU
		{4AC2BFF8-3638-4D86-9906-30565EF86315}.Release|Any CPU.Build.0 = Release|Any CPU
		{4AC2BFF8-3638-4D86-9906-30565EF86315}.Release|x86.ActiveCfg = Release|Any CPU
		{4AC2BFF8-3638-4D86-9906-30565EF86315}.Release|x86.Build.0 = Release|Any CPU
		{8B5EAD51-6E40-4871-BC66-B3A9C68F7C7F}.Debug|Any CPU.ActiveCfg = Debug|Any CPU
		{8B5EAD51-6E40-4871-BC66-B3A9C68F7C7F}.Debug|Any CPU.Build.0 = Debug|Any CPU
		{8B5EAD51-6E40-4871-BC66-B3A9C68F7C7F}.Debug|x86.ActiveCfg = Debug|Any CPU
		{8B5EAD51-6E40-4871-BC66-B3A9C68F7C7F}.Debug|x86.Build.0 = Debug|Any CPU
		{8B5EAD51-6E40-4871-BC66-B3A9C68F7C7F}.Release|Any CPU.ActiveCfg = Release|Any CPU
		{8B5EAD51-6E40-4871-BC66-B3A9C68F7C7F}.Release|Any CPU.Build.0 = Release|Any CPU
		{8B5EAD51-6E40-4871-BC66-B3A9C68F7C7F}.Release|x86.ActiveCfg = Release|Any CPU
		{8B5EAD51-6E40-4871-BC66-B3A9C68F7C7F}.Release|x86.Build.0 = Release|Any CPU
		{182CDADB-B58F-4959-B19F-D874C2AE007A}.Debug|Any CPU.ActiveCfg = Debug|Any CPU
		{182CDADB-B58F-4959-B19F-D874C2AE007A}.Debug|Any CPU.Build.0 = Debug|Any CPU
		{182CDADB-B58F-4959-B19F-D874C2AE007A}.Debug|x86.ActiveCfg = Debug|Any CPU
		{182CDADB-B58F-4959-B19F-D874C2AE007A}.Debug|x86.Build.0 = Debug|Any CPU
		{182CDADB-B58F-4959-B19F-D874C2AE007A}.Release|Any CPU.ActiveCfg = Release|Any CPU
		{182CDADB-B58F-4959-B19F-D874C2AE007A}.Release|Any CPU.Build.0 = Release|Any CPU
		{182CDADB-B58F-4959-B19F-D874C2AE007A}.Release|x86.ActiveCfg = Release|Any CPU
		{182CDADB-B58F-4959-B19F-D874C2AE007A}.Release|x86.Build.0 = Release|Any CPU
		{5B05F6BB-BB64-4C7C-8008-3DD95FB52101}.Debug|Any CPU.ActiveCfg = Debug|Any CPU
		{5B05F6BB-BB64-4C7C-8008-3DD95FB52101}.Debug|Any CPU.Build.0 = Debug|Any CPU
		{5B05F6BB-BB64-4C7C-8008-3DD95FB52101}.Debug|x86.ActiveCfg = Debug|Any CPU
		{5B05F6BB-BB64-4C7C-8008-3DD95FB52101}.Debug|x86.Build.0 = Debug|Any CPU
		{5B05F6BB-BB64-4C7C-8008-3DD95FB52101}.Release|Any CPU.ActiveCfg = Release|Any CPU
		{5B05F6BB-BB64-4C7C-8008-3DD95FB52101}.Release|Any CPU.Build.0 = Release|Any CPU
		{5B05F6BB-BB64-4C7C-8008-3DD95FB52101}.Release|x86.ActiveCfg = Release|Any CPU
		{5B05F6BB-BB64-4C7C-8008-3DD95FB52101}.Release|x86.Build.0 = Release|Any CPU
		{964F6892-06D4-4477-A9D1-5171B276221B}.Debug|Any CPU.ActiveCfg = Debug|Any CPU
		{964F6892-06D4-4477-A9D1-5171B276221B}.Debug|Any CPU.Build.0 = Debug|Any CPU
		{964F6892-06D4-4477-A9D1-5171B276221B}.Debug|x86.ActiveCfg = Debug|Any CPU
		{964F6892-06D4-4477-A9D1-5171B276221B}.Debug|x86.Build.0 = Debug|Any CPU
		{964F6892-06D4-4477-A9D1-5171B276221B}.Release|Any CPU.ActiveCfg = Release|Any CPU
		{964F6892-06D4-4477-A9D1-5171B276221B}.Release|Any CPU.Build.0 = Release|Any CPU
		{964F6892-06D4-4477-A9D1-5171B276221B}.Release|x86.ActiveCfg = Release|Any CPU
		{964F6892-06D4-4477-A9D1-5171B276221B}.Release|x86.Build.0 = Release|Any CPU
		{F9E6CB4F-02F6-4C6E-A129-FE43F2F10CEB}.Debug|Any CPU.ActiveCfg = Debug|Any CPU
		{F9E6CB4F-02F6-4C6E-A129-FE43F2F10CEB}.Debug|Any CPU.Build.0 = Debug|Any CPU
		{F9E6CB4F-02F6-4C6E-A129-FE43F2F10CEB}.Debug|x86.ActiveCfg = Debug|Any CPU
		{F9E6CB4F-02F6-4C6E-A129-FE43F2F10CEB}.Debug|x86.Build.0 = Debug|Any CPU
		{F9E6CB4F-02F6-4C6E-A129-FE43F2F10CEB}.Release|Any CPU.ActiveCfg = Release|Any CPU
		{F9E6CB4F-02F6-4C6E-A129-FE43F2F10CEB}.Release|Any CPU.Build.0 = Release|Any CPU
		{F9E6CB4F-02F6-4C6E-A129-FE43F2F10CEB}.Release|x86.ActiveCfg = Release|Any CPU
		{F9E6CB4F-02F6-4C6E-A129-FE43F2F10CEB}.Release|x86.Build.0 = Release|Any CPU
		{0116E31E-2F16-4CE8-97E4-92EF57E18168}.Debug|Any CPU.ActiveCfg = Debug|Any CPU
		{0116E31E-2F16-4CE8-97E4-92EF57E18168}.Debug|Any CPU.Build.0 = Debug|Any CPU
		{0116E31E-2F16-4CE8-97E4-92EF57E18168}.Debug|x86.ActiveCfg = Debug|Any CPU
		{0116E31E-2F16-4CE8-97E4-92EF57E18168}.Debug|x86.Build.0 = Debug|Any CPU
		{0116E31E-2F16-4CE8-97E4-92EF57E18168}.Release|Any CPU.ActiveCfg = Release|Any CPU
		{0116E31E-2F16-4CE8-97E4-92EF57E18168}.Release|Any CPU.Build.0 = Release|Any CPU
		{0116E31E-2F16-4CE8-97E4-92EF57E18168}.Release|x86.ActiveCfg = Release|Any CPU
		{0116E31E-2F16-4CE8-97E4-92EF57E18168}.Release|x86.Build.0 = Release|Any CPU
		{75F9CCC5-0D8D-4BCB-A828-701DEAF93C5B}.Debug|Any CPU.ActiveCfg = Debug|Any CPU
		{75F9CCC5-0D8D-4BCB-A828-701DEAF93C5B}.Debug|Any CPU.Build.0 = Debug|Any CPU
		{75F9CCC5-0D8D-4BCB-A828-701DEAF93C5B}.Debug|x86.ActiveCfg = Debug|Any CPU
		{75F9CCC5-0D8D-4BCB-A828-701DEAF93C5B}.Debug|x86.Build.0 = Debug|Any CPU
		{75F9CCC5-0D8D-4BCB-A828-701DEAF93C5B}.Release|Any CPU.ActiveCfg = Release|Any CPU
		{75F9CCC5-0D8D-4BCB-A828-701DEAF93C5B}.Release|Any CPU.Build.0 = Release|Any CPU
		{75F9CCC5-0D8D-4BCB-A828-701DEAF93C5B}.Release|x86.ActiveCfg = Release|Any CPU
		{75F9CCC5-0D8D-4BCB-A828-701DEAF93C5B}.Release|x86.Build.0 = Release|Any CPU
		{B6CEE094-DEA0-4045-B1EA-A2C771A18A2F}.Debug|Any CPU.ActiveCfg = Debug|Any CPU
		{B6CEE094-DEA0-4045-B1EA-A2C771A18A2F}.Debug|Any CPU.Build.0 = Debug|Any CPU
		{B6CEE094-DEA0-4045-B1EA-A2C771A18A2F}.Debug|x86.ActiveCfg = Debug|Any CPU
		{B6CEE094-DEA0-4045-B1EA-A2C771A18A2F}.Debug|x86.Build.0 = Debug|Any CPU
		{B6CEE094-DEA0-4045-B1EA-A2C771A18A2F}.Release|Any CPU.ActiveCfg = Release|Any CPU
		{B6CEE094-DEA0-4045-B1EA-A2C771A18A2F}.Release|Any CPU.Build.0 = Release|Any CPU
		{B6CEE094-DEA0-4045-B1EA-A2C771A18A2F}.Release|x86.ActiveCfg = Release|Any CPU
		{B6CEE094-DEA0-4045-B1EA-A2C771A18A2F}.Release|x86.Build.0 = Release|Any CPU
		{F838FB89-5E55-4E0C-A61D-90CF025E9AC3}.Debug|Any CPU.ActiveCfg = Debug|Any CPU
		{F838FB89-5E55-4E0C-A61D-90CF025E9AC3}.Debug|Any CPU.Build.0 = Debug|Any CPU
		{F838FB89-5E55-4E0C-A61D-90CF025E9AC3}.Debug|x86.ActiveCfg = Debug|Any CPU
		{F838FB89-5E55-4E0C-A61D-90CF025E9AC3}.Debug|x86.Build.0 = Debug|Any CPU
		{F838FB89-5E55-4E0C-A61D-90CF025E9AC3}.Release|Any CPU.ActiveCfg = Release|Any CPU
		{F838FB89-5E55-4E0C-A61D-90CF025E9AC3}.Release|Any CPU.Build.0 = Release|Any CPU
		{F838FB89-5E55-4E0C-A61D-90CF025E9AC3}.Release|x86.ActiveCfg = Release|Any CPU
		{F838FB89-5E55-4E0C-A61D-90CF025E9AC3}.Release|x86.Build.0 = Release|Any CPU
		{EE7B0E3C-DF1F-450E-879C-671DD0060B44}.Debug|Any CPU.ActiveCfg = Debug|Any CPU
		{EE7B0E3C-DF1F-450E-879C-671DD0060B44}.Debug|Any CPU.Build.0 = Debug|Any CPU
		{EE7B0E3C-DF1F-450E-879C-671DD0060B44}.Debug|x86.ActiveCfg = Debug|Any CPU
		{EE7B0E3C-DF1F-450E-879C-671DD0060B44}.Debug|x86.Build.0 = Debug|Any CPU
		{EE7B0E3C-DF1F-450E-879C-671DD0060B44}.Release|Any CPU.ActiveCfg = Release|Any CPU
		{EE7B0E3C-DF1F-450E-879C-671DD0060B44}.Release|Any CPU.Build.0 = Release|Any CPU
		{EE7B0E3C-DF1F-450E-879C-671DD0060B44}.Release|x86.ActiveCfg = Release|Any CPU
		{EE7B0E3C-DF1F-450E-879C-671DD0060B44}.Release|x86.Build.0 = Release|Any CPU
		{ED78FD2F-CCDA-4499-97AB-EA982F80BCDB}.Debug|Any CPU.ActiveCfg = Debug|Any CPU
		{ED78FD2F-CCDA-4499-97AB-EA982F80BCDB}.Debug|Any CPU.Build.0 = Debug|Any CPU
		{ED78FD2F-CCDA-4499-97AB-EA982F80BCDB}.Debug|x86.ActiveCfg = Debug|Any CPU
		{ED78FD2F-CCDA-4499-97AB-EA982F80BCDB}.Debug|x86.Build.0 = Debug|Any CPU
		{ED78FD2F-CCDA-4499-97AB-EA982F80BCDB}.Release|Any CPU.ActiveCfg = Release|Any CPU
		{ED78FD2F-CCDA-4499-97AB-EA982F80BCDB}.Release|Any CPU.Build.0 = Release|Any CPU
		{ED78FD2F-CCDA-4499-97AB-EA982F80BCDB}.Release|x86.ActiveCfg = Release|Any CPU
		{ED78FD2F-CCDA-4499-97AB-EA982F80BCDB}.Release|x86.Build.0 = Release|Any CPU
		{90B6D5DB-2C5E-4975-B566-4AEE57837DE9}.Debug|Any CPU.ActiveCfg = Debug|Any CPU
		{90B6D5DB-2C5E-4975-B566-4AEE57837DE9}.Debug|Any CPU.Build.0 = Debug|Any CPU
		{90B6D5DB-2C5E-4975-B566-4AEE57837DE9}.Debug|x86.ActiveCfg = Debug|Any CPU
		{90B6D5DB-2C5E-4975-B566-4AEE57837DE9}.Debug|x86.Build.0 = Debug|Any CPU
		{90B6D5DB-2C5E-4975-B566-4AEE57837DE9}.Release|Any CPU.ActiveCfg = Release|Any CPU
		{90B6D5DB-2C5E-4975-B566-4AEE57837DE9}.Release|Any CPU.Build.0 = Release|Any CPU
		{90B6D5DB-2C5E-4975-B566-4AEE57837DE9}.Release|x86.ActiveCfg = Release|Any CPU
		{90B6D5DB-2C5E-4975-B566-4AEE57837DE9}.Release|x86.Build.0 = Release|Any CPU
		{F0A94D02-2345-461A-B0EB-EE7B712D6C36}.Debug|Any CPU.ActiveCfg = Debug|Any CPU
		{F0A94D02-2345-461A-B0EB-EE7B712D6C36}.Debug|Any CPU.Build.0 = Debug|Any CPU
		{F0A94D02-2345-461A-B0EB-EE7B712D6C36}.Debug|x86.ActiveCfg = Debug|Any CPU
		{F0A94D02-2345-461A-B0EB-EE7B712D6C36}.Debug|x86.Build.0 = Debug|Any CPU
		{F0A94D02-2345-461A-B0EB-EE7B712D6C36}.Release|Any CPU.ActiveCfg = Release|Any CPU
		{F0A94D02-2345-461A-B0EB-EE7B712D6C36}.Release|Any CPU.Build.0 = Release|Any CPU
		{F0A94D02-2345-461A-B0EB-EE7B712D6C36}.Release|x86.ActiveCfg = Release|Any CPU
		{F0A94D02-2345-461A-B0EB-EE7B712D6C36}.Release|x86.Build.0 = Release|Any CPU
	EndGlobalSection
	GlobalSection(SolutionProperties) = preSolution
		HideSolutionNode = FALSE
	EndGlobalSection
	GlobalSection(ExtensibilityGlobals) = postSolution
		SolutionGuid = {C69653B1-3502-43B9-A931-532C2D8805D8}
	EndGlobalSection
EndGlobal
